// !$*UTF8*$!
{
	archiveVersion = 1;
	classes = {
	};
	objectVersion = 48;
	objects = {

/* Begin PBXBuildFile section */
		D2249A0C2062EAA800433C2E /* AppDelegate.swift in Sources */ = {isa = PBXBuildFile; fileRef = D2249A0B2062EAA800433C2E /* AppDelegate.swift */; };
		D2249A0E2062EAA800433C2E /* ViewController.swift in Sources */ = {isa = PBXBuildFile; fileRef = D2249A0D2062EAA800433C2E /* ViewController.swift */; };
		D2249A112062EAA800433C2E /* Main.storyboard in Resources */ = {isa = PBXBuildFile; fileRef = D2249A0F2062EAA800433C2E /* Main.storyboard */; };
		D2249A142062EAA800433C2E /* LocalWeather.xcdatamodeld in Sources */ = {isa = PBXBuildFile; fileRef = D2249A122062EAA800433C2E /* LocalWeather.xcdatamodeld */; };
		D2249A162062EAA800433C2E /* Assets.xcassets in Resources */ = {isa = PBXBuildFile; fileRef = D2249A152062EAA800433C2E /* Assets.xcassets */; };
		D2249A192062EAA800433C2E /* LaunchScreen.storyboard in Resources */ = {isa = PBXBuildFile; fileRef = D2249A172062EAA800433C2E /* LaunchScreen.storyboard */; };
		D2249A242062EAA900433C2E /* LocalWeatherTests.swift in Sources */ = {isa = PBXBuildFile; fileRef = D2249A232062EAA900433C2E /* LocalWeatherTests.swift */; };
		D2249A2F2062EAA900433C2E /* LocalWeatherUITests.swift in Sources */ = {isa = PBXBuildFile; fileRef = D2249A2E2062EAA900433C2E /* LocalWeatherUITests.swift */; };
		D2249A3D2062F55E00433C2E /* MapViewController.swift in Sources */ = {isa = PBXBuildFile; fileRef = D2249A3C2062F55E00433C2E /* MapViewController.swift */; };
		D2249A3F2062F64100433C2E /* SwiftyJSON.swift in Sources */ = {isa = PBXBuildFile; fileRef = D2249A3E2062F64100433C2E /* SwiftyJSON.swift */; };
		D2A57016206313B0003915ED /* LocationWeatherViewController.swift in Sources */ = {isa = PBXBuildFile; fileRef = D2A57015206313B0003915ED /* LocationWeatherViewController.swift */; };
/* End PBXBuildFile section */

/* Begin PBXContainerItemProxy section */
		D2249A202062EAA800433C2E /* PBXContainerItemProxy */ = {
			isa = PBXContainerItemProxy;
			containerPortal = D2249A002062EAA800433C2E /* Project object */;
			proxyType = 1;
			remoteGlobalIDString = D2249A072062EAA800433C2E;
			remoteInfo = LocalWeather;
		};
		D2249A2B2062EAA900433C2E /* PBXContainerItemProxy */ = {
			isa = PBXContainerItemProxy;
			containerPortal = D2249A002062EAA800433C2E /* Project object */;
			proxyType = 1;
			remoteGlobalIDString = D2249A072062EAA800433C2E;
			remoteInfo = LocalWeather;
		};
/* End PBXContainerItemProxy section */

/* Begin PBXFileReference section */
		D2249A082062EAA800433C2E /* LocalWeather.app */ = {isa = PBXFileReference; explicitFileType = wrapper.application; includeInIndex = 0; path = LocalWeather.app; sourceTree = BUILT_PRODUCTS_DIR; };
		D2249A0B2062EAA800433C2E /* AppDelegate.swift */ = {isa = PBXFileReference; lastKnownFileType = sourcecode.swift; path = AppDelegate.swift; sourceTree = "<group>"; };
		D2249A0D2062EAA800433C2E /* ViewController.swift */ = {isa = PBXFileReference; lastKnownFileType = sourcecode.swift; path = ViewController.swift; sourceTree = "<group>"; };
		D2249A102062EAA800433C2E /* Base */ = {isa = PBXFileReference; lastKnownFileType = file.storyboard; name = Base; path = Base.lproj/Main.storyboard; sourceTree = "<group>"; };
		D2249A132062EAA800433C2E /* LocalWeather.xcdatamodel */ = {isa = PBXFileReference; lastKnownFileType = wrapper.xcdatamodel; path = LocalWeather.xcdatamodel; sourceTree = "<group>"; };
		D2249A152062EAA800433C2E /* Assets.xcassets */ = {isa = PBXFileReference; lastKnownFileType = folder.assetcatalog; path = Assets.xcassets; sourceTree = "<group>"; };
		D2249A182062EAA800433C2E /* Base */ = {isa = PBXFileReference; lastKnownFileType = file.storyboard; name = Base; path = Base.lproj/LaunchScreen.storyboard; sourceTree = "<group>"; };
		D2249A1A2062EAA800433C2E /* Info.plist */ = {isa = PBXFileReference; lastKnownFileType = text.plist.xml; path = Info.plist; sourceTree = "<group>"; };
		D2249A1F2062EAA800433C2E /* LocalWeatherTests.xctest */ = {isa = PBXFileReference; explicitFileType = wrapper.cfbundle; includeInIndex = 0; path = LocalWeatherTests.xctest; sourceTree = BUILT_PRODUCTS_DIR; };
		D2249A232062EAA900433C2E /* LocalWeatherTests.swift */ = {isa = PBXFileReference; lastKnownFileType = sourcecode.swift; path = LocalWeatherTests.swift; sourceTree = "<group>"; };
		D2249A252062EAA900433C2E /* Info.plist */ = {isa = PBXFileReference; lastKnownFileType = text.plist.xml; path = Info.plist; sourceTree = "<group>"; };
		D2249A2A2062EAA900433C2E /* LocalWeatherUITests.xctest */ = {isa = PBXFileReference; explicitFileType = wrapper.cfbundle; includeInIndex = 0; path = LocalWeatherUITests.xctest; sourceTree = BUILT_PRODUCTS_DIR; };
		D2249A2E2062EAA900433C2E /* LocalWeatherUITests.swift */ = {isa = PBXFileReference; lastKnownFileType = sourcecode.swift; path = LocalWeatherUITests.swift; sourceTree = "<group>"; };
		D2249A302062EAA900433C2E /* Info.plist */ = {isa = PBXFileReference; lastKnownFileType = text.plist.xml; path = Info.plist; sourceTree = "<group>"; };
		D2249A3C2062F55E00433C2E /* MapViewController.swift */ = {isa = PBXFileReference; lastKnownFileType = sourcecode.swift; path = MapViewController.swift; sourceTree = "<group>"; };
		D2249A3E2062F64100433C2E /* SwiftyJSON.swift */ = {isa = PBXFileReference; fileEncoding = 4; lastKnownFileType = sourcecode.swift; path = SwiftyJSON.swift; sourceTree = "<group>"; };
		D2A57015206313B0003915ED /* LocationWeatherViewController.swift */ = {isa = PBXFileReference; lastKnownFileType = sourcecode.swift; path = LocationWeatherViewController.swift; sourceTree = "<group>"; };
/* End PBXFileReference section */

/* Begin PBXFrameworksBuildPhase section */
		D2249A052062EAA800433C2E /* Frameworks */ = {
			isa = PBXFrameworksBuildPhase;
			buildActionMask = 2147483647;
			files = (
			);
			runOnlyForDeploymentPostprocessing = 0;
		};
		D2249A1C2062EAA800433C2E /* Frameworks */ = {
			isa = PBXFrameworksBuildPhase;
			buildActionMask = 2147483647;
			files = (
			);
			runOnlyForDeploymentPostprocessing = 0;
		};
		D2249A272062EAA900433C2E /* Frameworks */ = {
			isa = PBXFrameworksBuildPhase;
			buildActionMask = 2147483647;
			files = (
			);
			runOnlyForDeploymentPostprocessing = 0;
		};
/* End PBXFrameworksBuildPhase section */

/* Begin PBXGroup section */
		D22499FF2062EAA800433C2E = {
			isa = PBXGroup;
			children = (
				D2249A0A2062EAA800433C2E /* LocalWeather */,
				D2249A222062EAA900433C2E /* LocalWeatherTests */,
				D2249A2D2062EAA900433C2E /* LocalWeatherUITests */,
				D2249A092062EAA800433C2E /* Products */,
			);
			sourceTree = "<group>";
		};
		D2249A092062EAA800433C2E /* Products */ = {
			isa = PBXGroup;
			children = (
				D2249A082062EAA800433C2E /* LocalWeather.app */,
				D2249A1F2062EAA800433C2E /* LocalWeatherTests.xctest */,
				D2249A2A2062EAA900433C2E /* LocalWeatherUITests.xctest */,
			);
			name = Products;
			sourceTree = "<group>";
		};
		D2249A0A2062EAA800433C2E /* LocalWeather */ = {
			isa = PBXGroup;
			children = (
				D2249A0B2062EAA800433C2E /* AppDelegate.swift */,
				D2249A0D2062EAA800433C2E /* ViewController.swift */,
				D2249A3C2062F55E00433C2E /* MapViewController.swift */,
				D2A57015206313B0003915ED /* LocationWeatherViewController.swift */,
				D2249A0F2062EAA800433C2E /* Main.storyboard */,
				D2249A152062EAA800433C2E /* Assets.xcassets */,
				D2249A172062EAA800433C2E /* LaunchScreen.storyboard */,
				D2249A1A2062EAA800433C2E /* Info.plist */,
				D2249A3E2062F64100433C2E /* SwiftyJSON.swift */,
				D2249A122062EAA800433C2E /* LocalWeather.xcdatamodeld */,
			);
			path = LocalWeather;
			sourceTree = "<group>";
		};
		D2249A222062EAA900433C2E /* LocalWeatherTests */ = {
			isa = PBXGroup;
			children = (
				D2249A232062EAA900433C2E /* LocalWeatherTests.swift */,
				D2249A252062EAA900433C2E /* Info.plist */,
			);
			path = LocalWeatherTests;
			sourceTree = "<group>";
		};
		D2249A2D2062EAA900433C2E /* LocalWeatherUITests */ = {
			isa = PBXGroup;
			children = (
				D2249A2E2062EAA900433C2E /* LocalWeatherUITests.swift */,
				D2249A302062EAA900433C2E /* Info.plist */,
			);
			path = LocalWeatherUITests;
			sourceTree = "<group>";
		};
/* End PBXGroup section */

/* Begin PBXNativeTarget section */
		D2249A072062EAA800433C2E /* LocalWeather */ = {
			isa = PBXNativeTarget;
			buildConfigurationList = D2249A332062EAA900433C2E /* Build configuration list for PBXNativeTarget "LocalWeather" */;
			buildPhases = (
				D2249A042062EAA800433C2E /* Sources */,
				D2249A052062EAA800433C2E /* Frameworks */,
				D2249A062062EAA800433C2E /* Resources */,
			);
			buildRules = (
			);
			dependencies = (
			);
			name = LocalWeather;
			productName = LocalWeather;
			productReference = D2249A082062EAA800433C2E /* LocalWeather.app */;
			productType = "com.apple.product-type.application";
		};
		D2249A1E2062EAA800433C2E /* LocalWeatherTests */ = {
			isa = PBXNativeTarget;
			buildConfigurationList = D2249A362062EAA900433C2E /* Build configuration list for PBXNativeTarget "LocalWeatherTests" */;
			buildPhases = (
				D2249A1B2062EAA800433C2E /* Sources */,
				D2249A1C2062EAA800433C2E /* Frameworks */,
				D2249A1D2062EAA800433C2E /* Resources */,
			);
			buildRules = (
			);
			dependencies = (
				D2249A212062EAA800433C2E /* PBXTargetDependency */,
			);
			name = LocalWeatherTests;
			productName = LocalWeatherTests;
			productReference = D2249A1F2062EAA800433C2E /* LocalWeatherTests.xctest */;
			productType = "com.apple.product-type.bundle.unit-test";
		};
		D2249A292062EAA900433C2E /* LocalWeatherUITests */ = {
			isa = PBXNativeTarget;
			buildConfigurationList = D2249A392062EAA900433C2E /* Build configuration list for PBXNativeTarget "LocalWeatherUITests" */;
			buildPhases = (
				D2249A262062EAA900433C2E /* Sources */,
				D2249A272062EAA900433C2E /* Frameworks */,
				D2249A282062EAA900433C2E /* Resources */,
			);
			buildRules = (
			);
			dependencies = (
				D2249A2C2062EAA900433C2E /* PBXTargetDependency */,
			);
			name = LocalWeatherUITests;
			productName = LocalWeatherUITests;
			productReference = D2249A2A2062EAA900433C2E /* LocalWeatherUITests.xctest */;
			productType = "com.apple.product-type.bundle.ui-testing";
		};
/* End PBXNativeTarget section */

/* Begin PBXProject section */
		D2249A002062EAA800433C2E /* Project object */ = {
			isa = PBXProject;
			attributes = {
				LastSwiftUpdateCheck = 0920;
				LastUpgradeCheck = 0920;
				ORGANIZATIONNAME = "Yury Shkoda";
				TargetAttributes = {
					D2249A072062EAA800433C2E = {
						CreatedOnToolsVersion = 9.2;
						ProvisioningStyle = Automatic;
					};
					D2249A1E2062EAA800433C2E = {
						CreatedOnToolsVersion = 9.2;
						ProvisioningStyle = Automatic;
						TestTargetID = D2249A072062EAA800433C2E;
					};
					D2249A292062EAA900433C2E = {
						CreatedOnToolsVersion = 9.2;
						ProvisioningStyle = Automatic;
						TestTargetID = D2249A072062EAA800433C2E;
					};
				};
			};
			buildConfigurationList = D2249A032062EAA800433C2E /* Build configuration list for PBXProject "LocalWeather" */;
			compatibilityVersion = "Xcode 8.0";
			developmentRegion = en;
			hasScannedForEncodings = 0;
			knownRegions = (
				en,
				Base,
			);
			mainGroup = D22499FF2062EAA800433C2E;
			productRefGroup = D2249A092062EAA800433C2E /* Products */;
			projectDirPath = "";
			projectRoot = "";
			targets = (
				D2249A072062EAA800433C2E /* LocalWeather */,
				D2249A1E2062EAA800433C2E /* LocalWeatherTests */,
				D2249A292062EAA900433C2E /* LocalWeatherUITests */,
			);
		};
/* End PBXProject section */

/* Begin PBXResourcesBuildPhase section */
		D2249A062062EAA800433C2E /* Resources */ = {
			isa = PBXResourcesBuildPhase;
			buildActionMask = 2147483647;
			files = (
				D2249A192062EAA800433C2E /* LaunchScreen.storyboard in Resources */,
				D2249A162062EAA800433C2E /* Assets.xcassets in Resources */,
				D2249A112062EAA800433C2E /* Main.storyboard in Resources */,
			);
			runOnlyForDeploymentPostprocessing = 0;
		};
		D2249A1D2062EAA800433C2E /* Resources */ = {
			isa = PBXResourcesBuildPhase;
			buildActionMask = 2147483647;
			files = (
			);
			runOnlyForDeploymentPostprocessing = 0;
		};
		D2249A282062EAA900433C2E /* Resources */ = {
			isa = PBXResourcesBuildPhase;
			buildActionMask = 2147483647;
			files = (
			);
			runOnlyForDeploymentPostprocessing = 0;
		};
/* End PBXResourcesBuildPhase section */

/* Begin PBXSourcesBuildPhase section */
		D2249A042062EAA800433C2E /* Sources */ = {
			isa = PBXSourcesBuildPhase;
			buildActionMask = 2147483647;
			files = (
				D2249A0E2062EAA800433C2E /* ViewController.swift in Sources */,
				D2249A142062EAA800433C2E /* LocalWeather.xcdatamodeld in Sources */,
				D2249A0C2062EAA800433C2E /* AppDelegate.swift in Sources */,
				D2249A3F2062F64100433C2E /* SwiftyJSON.swift in Sources */,
				D2A57016206313B0003915ED /* LocationWeatherViewController.swift in Sources */,
				D2249A3D2062F55E00433C2E /* MapViewController.swift in Sources */,
			);
			runOnlyForDeploymentPostprocessing = 0;
		};
		D2249A1B2062EAA800433C2E /* Sources */ = {
			isa = PBXSourcesBuildPhase;
			buildActionMask = 2147483647;
			files = (
				D2249A242062EAA900433C2E /* LocalWeatherTests.swift in Sources */,
			);
			runOnlyForDeploymentPostprocessing = 0;
		};
		D2249A262062EAA900433C2E /* Sources */ = {
			isa = PBXSourcesBuildPhase;
			buildActionMask = 2147483647;
			files = (
				D2249A2F2062EAA900433C2E /* LocalWeatherUITests.swift in Sources */,
			);
			runOnlyForDeploymentPostprocessing = 0;
		};
/* End PBXSourcesBuildPhase section */

/* Begin PBXTargetDependency section */
		D2249A212062EAA800433C2E /* PBXTargetDependency */ = {
			isa = PBXTargetDependency;
			target = D2249A072062EAA800433C2E /* LocalWeather */;
			targetProxy = D2249A202062EAA800433C2E /* PBXContainerItemProxy */;
		};
		D2249A2C2062EAA900433C2E /* PBXTargetDependency */ = {
			isa = PBXTargetDependency;
			target = D2249A072062EAA800433C2E /* LocalWeather */;
			targetProxy = D2249A2B2062EAA900433C2E /* PBXContainerItemProxy */;
		};
/* End PBXTargetDependency section */

/* Begin PBXVariantGroup section */
		D2249A0F2062EAA800433C2E /* Main.storyboard */ = {
			isa = PBXVariantGroup;
			children = (
				D2249A102062EAA800433C2E /* Base */,
			);
			name = Main.storyboard;
			sourceTree = "<group>";
		};
		D2249A172062EAA800433C2E /* LaunchScreen.storyboard */ = {
			isa = PBXVariantGroup;
			children = (
				D2249A182062EAA800433C2E /* Base */,
			);
			name = LaunchScreen.storyboard;
			sourceTree = "<group>";
		};
/* End PBXVariantGroup section */

/* Begin XCBuildConfiguration section */
		D2249A312062EAA900433C2E /* Debug */ = {
			isa = XCBuildConfiguration;
			buildSettings = {
				ALWAYS_SEARCH_USER_PATHS = NO;
				CLANG_ANALYZER_NONNULL = YES;
				CLANG_ANALYZER_NUMBER_OBJECT_CONVERSION = YES_AGGRESSIVE;
				CLANG_CXX_LANGUAGE_STANDARD = "gnu++14";
				CLANG_CXX_LIBRARY = "libc++";
				CLANG_ENABLE_MODULES = YES;
				CLANG_ENABLE_OBJC_ARC = YES;
				CLANG_WARN_BLOCK_CAPTURE_AUTORELEASING = YES;
				CLANG_WARN_BOOL_CONVERSION = YES;
				CLANG_WARN_COMMA = YES;
				CLANG_WARN_CONSTANT_CONVERSION = YES;
				CLANG_WARN_DIRECT_OBJC_ISA_USAGE = YES_ERROR;
				CLANG_WARN_DOCUMENTATION_COMMENTS = YES;
				CLANG_WARN_EMPTY_BODY = YES;
				CLANG_WARN_ENUM_CONVERSION = YES;
				CLANG_WARN_INFINITE_RECURSION = YES;
				CLANG_WARN_INT_CONVERSION = YES;
				CLANG_WARN_NON_LITERAL_NULL_CONVERSION = YES;
				CLANG_WARN_OBJC_LITERAL_CONVERSION = YES;
				CLANG_WARN_OBJC_ROOT_CLASS = YES_ERROR;
				CLANG_WARN_RANGE_LOOP_ANALYSIS = YES;
				CLANG_WARN_STRICT_PROTOTYPES = YES;
				CLANG_WARN_SUSPICIOUS_MOVE = YES;
				CLANG_WARN_UNGUARDED_AVAILABILITY = YES_AGGRESSIVE;
				CLANG_WARN_UNREACHABLE_CODE = YES;
				CLANG_WARN__DUPLICATE_METHOD_MATCH = YES;
				CODE_SIGN_IDENTITY = "iPhone Developer";
				COPY_PHASE_STRIP = NO;
				DEBUG_INFORMATION_FORMAT = dwarf;
				ENABLE_STRICT_OBJC_MSGSEND = YES;
				ENABLE_TESTABILITY = YES;
				GCC_C_LANGUAGE_STANDARD = gnu11;
				GCC_DYNAMIC_NO_PIC = NO;
				GCC_NO_COMMON_BLOCKS = YES;
				GCC_OPTIMIZATION_LEVEL = 0;
				GCC_PREPROCESSOR_DEFINITIONS = (
					"DEBUG=1",
					"$(inherited)",
				);
				GCC_WARN_64_TO_32_BIT_CONVERSION = YES;
				GCC_WARN_ABOUT_RETURN_TYPE = YES_ERROR;
				GCC_WARN_UNDECLARED_SELECTOR = YES;
				GCC_WARN_UNINITIALIZED_AUTOS = YES_AGGRESSIVE;
				GCC_WARN_UNUSED_FUNCTION = YES;
				GCC_WARN_UNUSED_VARIABLE = YES;
				IPHONEOS_DEPLOYMENT_TARGET = 11.2;
				MTL_ENABLE_DEBUG_INFO = YES;
				ONLY_ACTIVE_ARCH = YES;
				SDKROOT = iphoneos;
				SWIFT_ACTIVE_COMPILATION_CONDITIONS = DEBUG;
				SWIFT_OPTIMIZATION_LEVEL = "-Onone";
			};
			name = Debug;
		};
		D2249A322062EAA900433C2E /* Release */ = {
			isa = XCBuildConfiguration;
			buildSettings = {
				ALWAYS_SEARCH_USER_PATHS = NO;
				CLANG_ANALYZER_NONNULL = YES;
				CLANG_ANALYZER_NUMBER_OBJECT_CONVERSION = YES_AGGRESSIVE;
				CLANG_CXX_LANGUAGE_STANDARD = "gnu++14";
				CLANG_CXX_LIBRARY = "libc++";
				CLANG_ENABLE_MODULES = YES;
				CLANG_ENABLE_OBJC_ARC = YES;
				CLANG_WARN_BLOCK_CAPTURE_AUTORELEASING = YES;
				CLANG_WARN_BOOL_CONVERSION = YES;
				CLANG_WARN_COMMA = YES;
				CLANG_WARN_CONSTANT_CONVERSION = YES;
				CLANG_WARN_DIRECT_OBJC_ISA_USAGE = YES_ERROR;
				CLANG_WARN_DOCUMENTATION_COMMENTS = YES;
				CLANG_WARN_EMPTY_BODY = YES;
				CLANG_WARN_ENUM_CONVERSION = YES;
				CLANG_WARN_INFINITE_RECURSION = YES;
				CLANG_WARN_INT_CONVERSION = YES;
				CLANG_WARN_NON_LITERAL_NULL_CONVERSION = YES;
				CLANG_WARN_OBJC_LITERAL_CONVERSION = YES;
				CLANG_WARN_OBJC_ROOT_CLASS = YES_ERROR;
				CLANG_WARN_RANGE_LOOP_ANALYSIS = YES;
				CLANG_WARN_STRICT_PROTOTYPES = YES;
				CLANG_WARN_SUSPICIOUS_MOVE = YES;
				CLANG_WARN_UNGUARDED_AVAILABILITY = YES_AGGRESSIVE;
				CLANG_WARN_UNREACHABLE_CODE = YES;
				CLANG_WARN__DUPLICATE_METHOD_MATCH = YES;
				CODE_SIGN_IDENTITY = "iPhone Developer";
				COPY_PHASE_STRIP = NO;
				DEBUG_INFORMATION_FORMAT = "dwarf-with-dsym";
				ENABLE_NS_ASSERTIONS = NO;
				ENABLE_STRICT_OBJC_MSGSEND = YES;
				GCC_C_LANGUAGE_STANDARD = gnu11;
				GCC_NO_COMMON_BLOCKS = YES;
				GCC_WARN_64_TO_32_BIT_CONVERSION = YES;
				GCC_WARN_ABOUT_RETURN_TYPE = YES_ERROR;
				GCC_WARN_UNDECLARED_SELECTOR = YES;
				GCC_WARN_UNINITIALIZED_AUTOS = YES_AGGRESSIVE;
				GCC_WARN_UNUSED_FUNCTION = YES;
				GCC_WARN_UNUSED_VARIABLE = YES;
				IPHONEOS_DEPLOYMENT_TARGET = 11.2;
				MTL_ENABLE_DEBUG_INFO = NO;
				SDKROOT = iphoneos;
				SWIFT_OPTIMIZATION_LEVEL = "-Owholemodule";
				VALIDATE_PRODUCT = YES;
			};
			name = Release;
		};
		D2249A342062EAA900433C2E /* Debug */ = {
			isa = XCBuildConfiguration;
			buildSettings = {
				ASSETCATALOG_COMPILER_APPICON_NAME = AppIcon;
				CODE_SIGN_STYLE = Automatic;
				DEVELOPMENT_TEAM = F524X8MS5B;
				INFOPLIST_FILE = LocalWeather/Info.plist;
				LD_RUNPATH_SEARCH_PATHS = "$(inherited) @executable_path/Frameworks";
				PRODUCT_BUNDLE_IDENTIFIER = Yurec.LocalWeather;
				PRODUCT_NAME = "$(TARGET_NAME)";
				SWIFT_VERSION = 4.0;
				TARGETED_DEVICE_FAMILY = "1,2";
			};
			name = Debug;
		};
		D2249A352062EAA900433C2E /* Release */ = {
			isa = XCBuildConfiguration;
			buildSettings = {
				ASSETCATALOG_COMPILER_APPICON_NAME = AppIcon;
				CODE_SIGN_STYLE = Automatic;
				DEVELOPMENT_TEAM = F524X8MS5B;
				INFOPLIST_FILE = LocalWeather/Info.plist;
				LD_RUNPATH_SEARCH_PATHS = "$(inherited) @executable_path/Frameworks";
				PRODUCT_BUNDLE_IDENTIFIER = Yurec.LocalWeather;
				PRODUCT_NAME = "$(TARGET_NAME)";
				SWIFT_VERSION = 4.0;
				TARGETED_DEVICE_FAMILY = "1,2";
			};
			name = Release;
		};
		D2249A372062EAA900433C2E /* Debug */ = {
			isa = XCBuildConfiguration;
			buildSettings = {
				ALWAYS_EMBED_SWIFT_STANDARD_LIBRARIES = YES;
				BUNDLE_LOADER = "$(TEST_HOST)";
				CODE_SIGN_STYLE = Automatic;
				DEVELOPMENT_TEAM = F524X8MS5B;
				INFOPLIST_FILE = LocalWeatherTests/Info.plist;
				LD_RUNPATH_SEARCH_PATHS = "$(inherited) @executable_path/Frameworks @loader_path/Frameworks";
				PRODUCT_BUNDLE_IDENTIFIER = Yurec.LocalWeatherTests;
				PRODUCT_NAME = "$(TARGET_NAME)";
				SWIFT_VERSION = 4.0;
				TARGETED_DEVICE_FAMILY = "1,2";
				TEST_HOST = "$(BUILT_PRODUCTS_DIR)/LocalWeather.app/LocalWeather";
			};
			name = Debug;
		};
		D2249A382062EAA900433C2E /* Release */ = {
			isa = XCBuildConfiguration;
			buildSettings = {
				ALWAYS_EMBED_SWIFT_STANDARD_LIBRARIES = YES;
				BUNDLE_LOADER = "$(TEST_HOST)";
				CODE_SIGN_STYLE = Automatic;
				DEVELOPMENT_TEAM = F524X8MS5B;
				INFOPLIST_FILE = LocalWeatherTests/Info.plist;
				LD_RUNPATH_SEARCH_PATHS = "$(inherited) @executable_path/Frameworks @loader_path/Frameworks";
				PRODUCT_BUNDLE_IDENTIFIER = Yurec.LocalWeatherTests;
				PRODUCT_NAME = "$(TARGET_NAME)";
				SWIFT_VERSION = 4.0;
				TARGETED_DEVICE_FAMILY = "1,2";
				TEST_HOST = "$(BUILT_PRODUCTS_DIR)/LocalWeather.app/LocalWeather";
			};
			name = Release;
		};
		D2249A3A2062EAA900433C2E /* Debug */ = {
			isa = XCBuildConfiguration;
			buildSettings = {
				ALWAYS_EMBED_SWIFT_STANDARD_LIBRARIES = YES;
				CODE_SIGN_STYLE = Automatic;
				DEVELOPMENT_TEAM = F524X8MS5B;
				INFOPLIST_FILE = LocalWeatherUITests/Info.plist;
				LD_RUNPATH_SEARCH_PATHS = "$(inherited) @executable_path/Frameworks @loader_path/Frameworks";
				PRODUCT_BUNDLE_IDENTIFIER = Yurec.LocalWeatherUITests;
				PRODUCT_NAME = "$(TARGET_NAME)";
				SWIFT_VERSION = 4.0;
				TARGETED_DEVICE_FAMILY = "1,2";
				TEST_TARGET_NAME = LocalWeather;
			};
			name = Debug;
		};
		D2249A3B2062EAA900433C2E /* Release */ = {
			isa = XCBuildConfiguration;
			buildSettings = {
				ALWAYS_EMBED_SWIFT_STANDARD_LIBRARIES = YES;
				CODE_SIGN_STYLE = Automatic;
				DEVELOPMENT_TEAM = F524X8MS5B;
				INFOPLIST_FILE = LocalWeatherUITests/Info.plist;
				LD_RUNPATH_SEARCH_PATHS = "$(inherited) @executable_path/Frameworks @loader_path/Frameworks";
				PRODUCT_BUNDLE_IDENTIFIER = Yurec.LocalWeatherUITests;
				PRODUCT_NAME = "$(TARGET_NAME)";
				SWIFT_VERSION = 4.0;
				TARGETED_DEVICE_FAMILY = "1,2";
				TEST_TARGET_NAME = LocalWeather;
			};
			name = Release;
		};
/* End XCBuildConfiguration section */

/* Begin XCConfigurationList section */
		D2249A032062EAA800433C2E /* Build configuration list for PBXProject "LocalWeather" */ = {
			isa = XCConfigurationList;
			buildConfigurations = (
				D2249A312062EAA900433C2E /* Debug */,
				D2249A322062EAA900433C2E /* Release */,
			);
			defaultConfigurationIsVisible = 0;
			defaultConfigurationName = Release;
		};
		D2249A332062EAA900433C2E /* Build configuration list for PBXNativeTarget "LocalWeather" */ = {
			isa = XCConfigurationList;
			buildConfigurations = (
				D2249A342062EAA900433C2E /* Debug */,
				D2249A352062EAA900433C2E /* Release */,
			);
			defaultConfigurationIsVisible = 0;
			defaultConfigurationName = Release;
		};
		D2249A362062EAA900433C2E /* Build configuration list for PBXNativeTarget "LocalWeatherTests" */ = {
			isa = XCConfigurationList;
			buildConfigurations = (
				D2249A372062EAA900433C2E /* Debug */,
				D2249A382062EAA900433C2E /* Release */,
			);
			defaultConfigurationIsVisible = 0;
			defaultConfigurationName = Release;
		};
		D2249A392062EAA900433C2E /* Build configuration list for PBXNativeTarget "LocalWeatherUITests" */ = {
			isa = XCConfigurationList;
			buildConfigurations = (
				D2249A3A2062EAA900433C2E /* Debug */,
				D2249A3B2062EAA900433C2E /* Release */,
			);
			defaultConfigurationIsVisible = 0;
			defaultConfigurationName = Release;
		};
/* End XCConfigurationList section */

/* Begin XCVersionGroup section */
		D2249A122062EAA800433C2E /* LocalWeather.xcdatamodeld */ = {
			isa = XCVersionGroup;
			children = (
				D2249A132062EAA800433C2E /* LocalWeather.xcdatamodel */,
			);
			currentVersion = D2249A132062EAA800433C2E /* LocalWeather.xcdatamodel */;
			path = LocalWeather.xcdatamodeld;
			sourceTree = "<group>";
			versionGroupType = wrapper.xcdatamodel;
		};
/* End XCVersionGroup section */
	};
	rootObject = D2249A002062EAA800433C2E /* Project object */;
}
